<?xml version="1.0" encoding="utf-8"?>
<Project ToolsVersion="4.0" xmlns="http://schemas.microsoft.com/developer/msbuild/2003">
  <ItemGroup>
    <Filter Include="Source Files">
      <UniqueIdentifier>{3699c9ec-00d3-46f9-86b9-731d0b76b815}</UniqueIdentifier>
      <Extensions>cpp;c;cxx;rc;def;r;odl;hpj;bat;for;f90</Extensions>
    </Filter>
    <Filter Include="Header Files">
      <UniqueIdentifier>{ecc95577-af3c-4718-867f-66b0521145aa}</UniqueIdentifier>
      <Extensions>h;hpp;hxx;hm;inl;fi;fd</Extensions>
    </Filter>
    <Filter Include="Resource Files">
      <UniqueIdentifier>{2c2678ec-7b07-4bfe-9130-dd73164c556e}</UniqueIdentifier>
      <Extensions>ico;cur;bmp;dlg;rc2;rct;bin;cnt;rtf;gif;jpg;jpeg;jpe</Extensions>
    </Filter>
    <Filter Include="jpeg">
      <UniqueIdentifier>{324fe54a-83db-4117-892f-a4e762ef5ff4}</UniqueIdentifier>
    </Filter>
    <Filter Include="jpeg\Source Files">
      <UniqueIdentifier>{0f356655-7f9c-4227-a95a-47604de3c4fe}</UniqueIdentifier>
    </Filter>
    <Filter Include="jpeg\Header Files">
      <UniqueIdentifier>{ce72b114-2600-4d2d-b4ff-d605731b76d9}</UniqueIdentifier>
    </Filter>
    <Filter Include="zlib">
      <UniqueIdentifier>{94372202-af27-4c9a-a615-6f0a7796c0dd}</UniqueIdentifier>
    </Filter>
    <Filter Include="GLSL">
      <UniqueIdentifier>{6d83e28c-7f56-4a45-bae4-d7a68b28c5c8}</UniqueIdentifier>
    </Filter>
  </ItemGroup>
  <ItemGroup>
    <ClCompile Include="..\..\code\qcommon\puff.c">
      <Filter>Source Files</Filter>
    </ClCompile>
    <ClCompile Include="..\..\code\qcommon\q_math.c">
      <Filter>Source Files</Filter>
    </ClCompile>
    <ClCompile Include="..\..\code\qcommon\q_shared.c">
      <Filter>Source Files</Filter>
    </ClCompile>
    <ClCompile Include="..\..\code\sdl\sdl_gamma.c">
      <Filter>Source Files</Filter>
    </ClCompile>
    <ClCompile Include="..\..\code\sdl\sdl_glimp.c">
      <Filter>Source Files</Filter>
    </ClCompile>
    <ClCompile Include="..\..\code\renderergl2\tr_animation.c">
      <Filter>Source Files</Filter>
    </ClCompile>
    <ClCompile Include="..\..\code\renderergl2\tr_backend.c">
      <Filter>Source Files</Filter>
    </ClCompile>
    <ClCompile Include="..\..\code\renderergl2\tr_bsp.c">
      <Filter>Source Files</Filter>
    </ClCompile>
    <ClCompile Include="..\..\code\renderergl2\tr_cmds.c">
      <Filter>Source Files</Filter>
    </ClCompile>
    <ClCompile Include="..\..\code\renderergl2\tr_curve.c">
      <Filter>Source Files</Filter>
    </ClCompile>
    <ClCompile Include="..\..\code\renderergl2\tr_extensions.c">
      <Filter>Source Files</Filter>
    </ClCompile>
    <ClCompile Include="..\..\code\renderergl2\tr_extramath.c">
      <Filter>Source Files</Filter>
    </ClCompile>
    <ClCompile Include="..\..\code\renderergl2\tr_fbo.c">
      <Filter>Source Files</Filter>
    </ClCompile>
    <ClCompile Include="..\..\code\renderergl2\tr_flares.c">
      <Filter>Source Files</Filter>
    </ClCompile>
    <ClCompile Include="..\..\code\renderercommon\tr_font.c">
      <Filter>Source Files</Filter>
    </ClCompile>
    <ClCompile Include="..\..\code\renderergl2\tr_glsl.c">
      <Filter>Source Files</Filter>
    </ClCompile>
    <ClCompile Include="..\..\code\renderergl2\tr_image.c">
      <Filter>Source Files</Filter>
    </ClCompile>
    <ClCompile Include="..\..\code\renderercommon\tr_image_bmp.c">
      <Filter>Source Files</Filter>
    </ClCompile>
    <ClCompile Include="..\..\code\renderercommon\tr_image_jpg.c">
      <Filter>Source Files</Filter>
    </ClCompile>
    <ClCompile Include="..\..\code\renderercommon\tr_image_pcx.c">
      <Filter>Source Files</Filter>
    </ClCompile>
    <ClCompile Include="..\..\code\renderercommon\tr_image_png.c">
      <Filter>Source Files</Filter>
    </ClCompile>
    <ClCompile Include="..\..\code\renderercommon\tr_image_tga.c">
      <Filter>Source Files</Filter>
    </ClCompile>
    <ClCompile Include="..\..\code\renderergl2\tr_init.c">
      <Filter>Source Files</Filter>
    </ClCompile>
    <ClCompile Include="..\..\code\renderergl2\tr_light.c">
      <Filter>Source Files</Filter>
    </ClCompile>
    <ClCompile Include="..\..\code\renderergl2\tr_main.c">
      <Filter>Source Files</Filter>
    </ClCompile>
    <ClCompile Include="..\..\code\renderergl2\tr_marks.c">
      <Filter>Source Files</Filter>
    </ClCompile>
    <ClCompile Include="..\..\code\renderergl2\tr_mesh.c">
      <Filter>Source Files</Filter>
    </ClCompile>
    <ClCompile Include="..\..\code\renderergl2\tr_model.c">
      <Filter>Source Files</Filter>
    </ClCompile>
    <ClCompile Include="..\..\code\renderergl2\tr_model_iqm.c">
      <Filter>Source Files</Filter>
    </ClCompile>
    <ClCompile Include="..\..\code\renderercommon\tr_noise.c">
      <Filter>Source Files</Filter>
    </ClCompile>
    <ClCompile Include="..\..\code\renderergl2\tr_postprocess.c">
      <Filter>Source Files</Filter>
    </ClCompile>
    <ClCompile Include="..\..\code\renderergl2\tr_scene.c">
      <Filter>Source Files</Filter>
    </ClCompile>
    <ClCompile Include="..\..\code\renderergl2\tr_shade.c">
      <Filter>Source Files</Filter>
    </ClCompile>
    <ClCompile Include="..\..\code\renderergl2\tr_shade_calc.c">
      <Filter>Source Files</Filter>
    </ClCompile>
    <ClCompile Include="..\..\code\renderergl2\tr_shader.c">
      <Filter>Source Files</Filter>
    </ClCompile>
    <ClCompile Include="..\..\code\renderergl2\tr_shadows.c">
      <Filter>Source Files</Filter>
    </ClCompile>
    <ClCompile Include="..\..\code\renderergl2\tr_sky.c">
      <Filter>Source Files</Filter>
    </ClCompile>
    <ClCompile Include="..\..\code\renderergl2\tr_subs.c">
      <Filter>Source Files</Filter>
    </ClCompile>
    <ClCompile Include="..\..\code\renderergl2\tr_surface.c">
      <Filter>Source Files</Filter>
    </ClCompile>
    <ClCompile Include="..\..\code\renderergl2\tr_vbo.c">
      <Filter>Source Files</Filter>
    </ClCompile>
    <ClCompile Include="..\..\code\renderergl2\tr_world.c">
      <Filter>Source Files</Filter>
    </ClCompile>
    <ClCompile Include="..\..\code\jpeg-8c\jaricom.c">
      <Filter>jpeg\Source Files</Filter>
    </ClCompile>
    <ClCompile Include="..\..\code\jpeg-8c\jcapimin.c">
      <Filter>jpeg\Source Files</Filter>
    </ClCompile>
    <ClCompile Include="..\..\code\jpeg-8c\jcapistd.c">
      <Filter>jpeg\Source Files</Filter>
    </ClCompile>
    <ClCompile Include="..\..\code\jpeg-8c\jcarith.c">
      <Filter>jpeg\Source Files</Filter>
    </ClCompile>
    <ClCompile Include="..\..\code\jpeg-8c\jccoefct.c">
      <Filter>jpeg\Source Files</Filter>
    </ClCompile>
    <ClCompile Include="..\..\code\jpeg-8c\jccolor.c">
      <Filter>jpeg\Source Files</Filter>
    </ClCompile>
    <ClCompile Include="..\..\code\jpeg-8c\jcdctmgr.c">
      <Filter>jpeg\Source Files</Filter>
    </ClCompile>
    <ClCompile Include="..\..\code\jpeg-8c\jchuff.c">
      <Filter>jpeg\Source Files</Filter>
    </ClCompile>
    <ClCompile Include="..\..\code\jpeg-8c\jcinit.c">
      <Filter>jpeg\Source Files</Filter>
    </ClCompile>
    <ClCompile Include="..\..\code\jpeg-8c\jcmainct.c">
      <Filter>jpeg\Source Files</Filter>
    </ClCompile>
    <ClCompile Include="..\..\code\jpeg-8c\jcmarker.c">
      <Filter>jpeg\Source Files</Filter>
    </ClCompile>
    <ClCompile Include="..\..\code\jpeg-8c\jcmaster.c">
      <Filter>jpeg\Source Files</Filter>
    </ClCompile>
    <ClCompile Include="..\..\code\jpeg-8c\jcomapi.c">
      <Filter>jpeg\Source Files</Filter>
    </ClCompile>
    <ClCompile Include="..\..\code\jpeg-8c\jcparam.c">
      <Filter>jpeg\Source Files</Filter>
    </ClCompile>
    <ClCompile Include="..\..\code\jpeg-8c\jcprepct.c">
      <Filter>jpeg\Source Files</Filter>
    </ClCompile>
    <ClCompile Include="..\..\code\jpeg-8c\jcsample.c">
      <Filter>jpeg\Source Files</Filter>
    </ClCompile>
    <ClCompile Include="..\..\code\jpeg-8c\jctrans.c">
      <Filter>jpeg\Source Files</Filter>
    </ClCompile>
    <ClCompile Include="..\..\code\jpeg-8c\jdapimin.c">
      <Filter>jpeg\Source Files</Filter>
    </ClCompile>
    <ClCompile Include="..\..\code\jpeg-8c\jdapistd.c">
      <Filter>jpeg\Source Files</Filter>
    </ClCompile>
    <ClCompile Include="..\..\code\jpeg-8c\jdarith.c">
      <Filter>jpeg\Source Files</Filter>
    </ClCompile>
    <ClCompile Include="..\..\code\jpeg-8c\jdatadst.c">
      <Filter>jpeg\Source Files</Filter>
    </ClCompile>
    <ClCompile Include="..\..\code\jpeg-8c\jdatasrc.c">
      <Filter>jpeg\Source Files</Filter>
    </ClCompile>
    <ClCompile Include="..\..\code\jpeg-8c\jdcoefct.c">
      <Filter>jpeg\Source Files</Filter>
    </ClCompile>
    <ClCompile Include="..\..\code\jpeg-8c\jdcolor.c">
      <Filter>jpeg\Source Files</Filter>
    </ClCompile>
    <ClCompile Include="..\..\code\jpeg-8c\jddctmgr.c">
      <Filter>jpeg\Source Files</Filter>
    </ClCompile>
    <ClCompile Include="..\..\code\jpeg-8c\jdhuff.c">
      <Filter>jpeg\Source Files</Filter>
    </ClCompile>
    <ClCompile Include="..\..\code\jpeg-8c\jdinput.c">
      <Filter>jpeg\Source Files</Filter>
    </ClCompile>
    <ClCompile Include="..\..\code\jpeg-8c\jdmainct.c">
      <Filter>jpeg\Source Files</Filter>
    </ClCompile>
    <ClCompile Include="..\..\code\jpeg-8c\jdmarker.c">
      <Filter>jpeg\Source Files</Filter>
    </ClCompile>
    <ClCompile Include="..\..\code\jpeg-8c\jdmaster.c">
      <Filter>jpeg\Source Files</Filter>
    </ClCompile>
    <ClCompile Include="..\..\code\jpeg-8c\jdmerge.c">
      <Filter>jpeg\Source Files</Filter>
    </ClCompile>
    <ClCompile Include="..\..\code\jpeg-8c\jdpostct.c">
      <Filter>jpeg\Source Files</Filter>
    </ClCompile>
    <ClCompile Include="..\..\code\jpeg-8c\jdsample.c">
      <Filter>jpeg\Source Files</Filter>
    </ClCompile>
    <ClCompile Include="..\..\code\jpeg-8c\jdtrans.c">
      <Filter>jpeg\Source Files</Filter>
    </ClCompile>
    <ClCompile Include="..\..\code\jpeg-8c\jerror.c">
      <Filter>jpeg\Source Files</Filter>
    </ClCompile>
    <ClCompile Include="..\..\code\jpeg-8c\jfdctflt.c">
      <Filter>jpeg\Source Files</Filter>
    </ClCompile>
    <ClCompile Include="..\..\code\jpeg-8c\jfdctfst.c">
      <Filter>jpeg\Source Files</Filter>
    </ClCompile>
    <ClCompile Include="..\..\code\jpeg-8c\jfdctint.c">
      <Filter>jpeg\Source Files</Filter>
    </ClCompile>
    <ClCompile Include="..\..\code\jpeg-8c\jidctflt.c">
      <Filter>jpeg\Source Files</Filter>
    </ClCompile>
    <ClCompile Include="..\..\code\jpeg-8c\jidctfst.c">
      <Filter>jpeg\Source Files</Filter>
    </ClCompile>
    <ClCompile Include="..\..\code\jpeg-8c\jidctint.c">
      <Filter>jpeg\Source Files</Filter>
    </ClCompile>
    <ClCompile Include="..\..\code\jpeg-8c\jmemmgr.c">
      <Filter>jpeg\Source Files</Filter>
    </ClCompile>
    <ClCompile Include="..\..\code\jpeg-8c\jmemnobs.c">
      <Filter>jpeg\Source Files</Filter>
    </ClCompile>
    <ClCompile Include="..\..\code\jpeg-8c\jquant1.c">
      <Filter>jpeg\Source Files</Filter>
    </ClCompile>
    <ClCompile Include="..\..\code\jpeg-8c\jquant2.c">
      <Filter>jpeg\Source Files</Filter>
    </ClCompile>
    <ClCompile Include="..\..\code\jpeg-8c\jutils.c">
      <Filter>jpeg\Source Files</Filter>
    </ClCompile>
    <ClCompile Include="..\..\code\zlib\adler32.c">
      <Filter>zlib</Filter>
    </ClCompile>
    <ClCompile Include="..\..\code\zlib\crc32.c">
      <Filter>zlib</Filter>
    </ClCompile>
    <ClCompile Include="..\..\code\zlib\inffast.c">
      <Filter>zlib</Filter>
    </ClCompile>
    <ClCompile Include="..\..\code\zlib\inflate.c">
      <Filter>zlib</Filter>
    </ClCompile>
    <ClCompile Include="..\..\code\zlib\inftrees.c">
      <Filter>zlib</Filter>
    </ClCompile>
    <ClCompile Include="..\..\code\zlib\zutil.c">
      <Filter>zlib</Filter>
    </ClCompile>
    <ClCompile Include="..\..\build\dynamic\renderergl2\bokeh_fp.c">
      <Filter>GLSL</Filter>
    </ClCompile>
    <ClCompile Include="..\..\build\dynamic\renderergl2\bokeh_vp.c">
      <Filter>GLSL</Filter>
    </ClCompile>
    <ClCompile Include="..\..\build\dynamic\renderergl2\calclevels4x_fp.c">
      <Filter>GLSL</Filter>
    </ClCompile>
    <ClCompile Include="..\..\build\dynamic\renderergl2\calclevels4x_vp.c">
      <Filter>GLSL</Filter>
    </ClCompile>
    <ClCompile Include="..\..\build\dynamic\renderergl2\depthblur_fp.c">
      <Filter>GLSL</Filter>
    </ClCompile>
    <ClCompile Include="..\..\build\dynamic\renderergl2\depthblur_vp.c">
      <Filter>GLSL</Filter>
    </ClCompile>
    <ClCompile Include="..\..\build\dynamic\renderergl2\dlight_fp.c">
      <Filter>GLSL</Filter>
    </ClCompile>
    <ClCompile Include="..\..\build\dynamic\renderergl2\dlight_vp.c">
      <Filter>GLSL</Filter>
    </ClCompile>
    <ClCompile Include="..\..\build\dynamic\renderergl2\down4x_fp.c">
      <Filter>GLSL</Filter>
    </ClCompile>
    <ClCompile Include="..\..\build\dynamic\renderergl2\down4x_vp.c">
      <Filter>GLSL</Filter>
    </ClCompile>
    <ClCompile Include="..\..\build\dynamic\renderergl2\fogpass_fp.c">
      <Filter>GLSL</Filter>
    </ClCompile>
    <ClCompile Include="..\..\build\dynamic\renderergl2\fogpass_vp.c">
      <Filter>GLSL</Filter>
    </ClCompile>
    <ClCompile Include="..\..\build\dynamic\renderergl2\generic_fp.c">
      <Filter>GLSL</Filter>
    </ClCompile>
    <ClCompile Include="..\..\build\dynamic\renderergl2\generic_vp.c">
      <Filter>GLSL</Filter>
    </ClCompile>
    <ClCompile Include="..\..\build\dynamic\renderergl2\lightall_fp.c">
      <Filter>GLSL</Filter>
    </ClCompile>
    <ClCompile Include="..\..\build\dynamic\renderergl2\lightall_vp.c">
      <Filter>GLSL</Filter>
    </ClCompile>
    <ClCompile Include="..\..\build\dynamic\renderergl2\pshadow_fp.c">
      <Filter>GLSL</Filter>
    </ClCompile>
    <ClCompile Include="..\..\build\dynamic\renderergl2\pshadow_vp.c">
      <Filter>GLSL</Filter>
    </ClCompile>
    <ClCompile Include="..\..\build\dynamic\renderergl2\shadowfill_fp.c">
      <Filter>GLSL</Filter>
    </ClCompile>
    <ClCompile Include="..\..\build\dynamic\renderergl2\shadowfill_vp.c">
      <Filter>GLSL</Filter>
    </ClCompile>
    <ClCompile Include="..\..\build\dynamic\renderergl2\shadowmask_fp.c">
      <Filter>GLSL</Filter>
    </ClCompile>
    <ClCompile Include="..\..\build\dynamic\renderergl2\shadowmask_vp.c">
      <Filter>GLSL</Filter>
    </ClCompile>
    <ClCompile Include="..\..\build\dynamic\renderergl2\ssao_fp.c">
      <Filter>GLSL</Filter>
    </ClCompile>
    <ClCompile Include="..\..\build\dynamic\renderergl2\ssao_vp.c">
      <Filter>GLSL</Filter>
    </ClCompile>
    <ClCompile Include="..\..\build\dynamic\renderergl2\texturecolor_fp.c">
      <Filter>GLSL</Filter>
    </ClCompile>
    <ClCompile Include="..\..\build\dynamic\renderergl2\texturecolor_vp.c">
      <Filter>GLSL</Filter>
    </ClCompile>
    <ClCompile Include="..\..\build\dynamic\renderergl2\tonemap_fp.c">
      <Filter>GLSL</Filter>
    </ClCompile>
    <ClCompile Include="..\..\build\dynamic\renderergl2\tonemap_vp.c">
      <Filter>GLSL</Filter>
    </ClCompile>
  </ItemGroup>
  <ItemGroup>
    <ClInclude Include="..\..\code\qcommon\puff.h">
      <Filter>Header Files</Filter>
    </ClInclude>
    <ClInclude Include="..\..\code\qcommon\q_shared.h">
      <Filter>Header Files</Filter>
    </ClInclude>
    <ClInclude Include="..\..\code\qcommon\qcommon.h">
      <Filter>Header Files</Filter>
    </ClInclude>
    <ClInclude Include="..\..\code\qcommon\qfiles.h">
      <Filter>Header Files</Filter>
    </ClInclude>
    <ClInclude Include="..\..\code\renderercommon\qgl.h">
      <Filter>Header Files</Filter>
    </ClInclude>
    <ClInclude Include="..\..\code\qcommon\surfaceflags.h">
      <Filter>Header Files</Filter>
    </ClInclude>
    <ClInclude Include="..\..\code\renderergl2\tr_extramath.h">
      <Filter>Header Files</Filter>
    </ClInclude>
    <ClInclude Include="..\..\code\renderergl2\tr_extratypes.h">
      <Filter>Header Files</Filter>
    </ClInclude>
    <ClInclude Include="..\..\code\renderergl2\tr_fbo.h">
      <Filter>Header Files</Filter>
    </ClInclude>
    <ClInclude Include="..\..\code\renderergl2\tr_local.h">
      <Filter>Header Files</Filter>
    </ClInclude>
    <ClInclude Include="..\..\code\renderergl2\tr_postprocess.h">
      <Filter>Header Files</Filter>
    </ClInclude>
    <ClInclude Include="..\..\code\renderercommon\tr_public.h">
      <Filter>Header Files</Filter>
    </ClInclude>
    <ClInclude Include="..\..\code\renderercommon\tr_types.h">
      <Filter>Header Files</Filter>
    </ClInclude>
    <ClInclude Include="..\..\code\qcommon\unzip.h">
      <Filter>Header Files</Filter>
    </ClInclude>
    <ClInclude Include="..\..\code\jpeg-8c\jconfig.h">
      <Filter>jpeg\Header Files</Filter>
    </ClInclude>
    <ClInclude Include="..\..\code\jpeg-8c\jdct.h">
      <Filter>jpeg\Header Files</Filter>
    </ClInclude>
    <ClInclude Include="..\..\code\jpeg-8c\jerror.h">
      <Filter>jpeg\Header Files</Filter>
    </ClInclude>
    <ClInclude Include="..\..\code\jpeg-8c\jinclude.h">
      <Filter>jpeg\Header Files</Filter>
    </ClInclude>
    <ClInclude Include="..\..\code\jpeg-8c\jmemsys.h">
      <Filter>jpeg\Header Files</Filter>
    </ClInclude>
    <ClInclude Include="..\..\code\jpeg-8c\jmorecfg.h">
      <Filter>jpeg\Header Files</Filter>
    </ClInclude>
    <ClInclude Include="..\..\code\jpeg-8c\jpegint.h">
      <Filter>jpeg\Header Files</Filter>
    </ClInclude>
    <ClInclude Include="..\..\code\jpeg-8c\jpeglib.h">
      <Filter>jpeg\Header Files</Filter>
    </ClInclude>
    <ClInclude Include="..\..\code\jpeg-8c\jversion.h">
      <Filter>jpeg\Header Files</Filter>
    </ClInclude>
  </ItemGroup>
</Project>